{
    "name": "redaxo-filepond",
    "version": "1.0.0",
    "lockfileVersion": 3,
    "requires": true,
    "packages": {
        "": {
            "name": "redaxo-filepond",
            "version": "1.0.0",
            "license": "MIT",
            "dependencies": {
                "filepond": "^4.30.4",
                "filepond-plugin-file-validate-size": "^2.2.8",
                "filepond-plugin-file-validate-type": "^1.2.8",
                "filepond-plugin-image-exif-orientation": "^1.0.11",
                "filepond-plugin-image-preview": "^4.6.11",
                "filepond-plugin-image-resize": "^2.0.10",
                "filepond-plugin-image-transform": "^3.8.7"
            },
            "devDependencies": {}
        },
        "node_modules/filepond": {
            "version": "4.32.1",
            "resolved": "https://registry.npmjs.org/filepond/-/filepond-4.32.1.tgz",
            "integrity": "sha512-saY+F6VsiUomUH+w/sFO49gwL+GZG3WglSbg46ubuowSY3imE6dl1wUu48VT1NnIIeXFqRUEDt9td2QP8C6uDg==",
            "license": "MIT"
        },
        "node_modules/filepond-plugin-file-validate-size": {
            "version": "2.2.8",
            "resolved": "https://registry.npmjs.org/filepond-plugin-file-validate-size/-/filepond-plugin-file-validate-size-2.2.8.tgz",
            "integrity": "sha512-yzb8scATmkWqPTP7oKQz6L8WwJm6Xmgc/fuq6DFGRaLz0I7372BUvBsxagBk/hypMIjvieNzhggm33Y60x3rcw==",
            "license": "MIT",
            "peerDependencies": {
                "filepond": ">=3.1.2 <5.x"
            }
        },
        "node_modules/filepond-plugin-file-validate-type": {
            "version": "1.2.9",
            "resolved": "https://registry.npmjs.org/filepond-plugin-file-validate-type/-/filepond-plugin-file-validate-type-1.2.9.tgz",
            "integrity": "sha512-Tzv07aNdZvjUXDRA3XL16QMEvh6llDrXlcZ6W0eTHQ+taHaVg/JKJTFs/AViO+6ZcpPCcQStbhYEL2HoS+vldw==",
            "license": "MIT",
            "peerDependencies": {
                "filepond": ">=1.x <5.x"
            }
        },
        "node_modules/filepond-plugin-image-exif-orientation": {
            "version": "1.0.11",
            "resolved": "https://registry.npmjs.org/filepond-plugin-image-exif-orientation/-/filepond-plugin-image-exif-orientation-1.0.11.tgz",
            "integrity": "sha512-hLBc12Fk6Zkj3L8mSAn+elugHOqT5rLUbgVXQQIQjMe0FsGjtpoxqeVR6jt4IWHGat2L9sFAgU2TGmd1mqosCg==",
            "license": "MIT",
            "peerDependencies": {
                "filepond": ">=3.x <5.x"
            }
        },
        "node_modules/filepond-plugin-image-preview": {
            "version": "4.6.12",
            "resolved": "https://registry.npmjs.org/filepond-plugin-image-preview/-/filepond-plugin-image-preview-4.6.12.tgz",
            "integrity": "sha512-Y8ETX5QVV0mbPB0586UH8AUmG9tZg8PuN5bdEAIlZVJFTct5ebViJ7+Am94/VhTPjLqZjBf1zmDq5JU6XRsZKw==",
            "license": "MIT",
            "peerDependencies": {
                "filepond": ">=4.x <5.x"
            }
        },
        "node_modules/filepond-plugin-image-resize": {
            "version": "2.0.10",
            "resolved": "https://registry.npmjs.org/filepond-plugin-image-resize/-/filepond-plugin-image-resize-2.0.10.tgz",
            "integrity": "sha512-irX+J275u8Ph1KcciCeSQmxeFjbu0+co5XVCkiwdSNnz6KiqrCKN7RXTvEbdgSdDzyi5omr2oP1rKWps5L1RsQ==",
            "license": "MIT",
            "peerDependencies": {
                "filepond": ">=3.x <5.x"
            }
        },
        "node_modules/filepond-plugin-image-transform": {
            "version": "3.8.7",
            "resolved": "https://registry.npmjs.org/filepond-plugin-image-transform/-/filepond-plugin-image-transform-3.8.7.tgz",
            "integrity": "sha512-vgKwyIDG2y5twanf7YpqZvxkaLudTjwd9vRcoq5sQDB8egUlX5/NA0bQ0823pocrm0fjbFeetICu44mkqeDkIA==",
            "license": "MIT",
            "peerDependencies": {
                "filepond": ">=3.6.0 <5.x"
            }
        }
    }
}
